PODS:
  - MA_DynamicPointsSlider (0.1.0)

DEPENDENCIES:
  - MA_DynamicPointsSlider (from `../`)

EXTERNAL SOURCES:
  MA_DynamicPointsSlider:
    :path: "../"

SPEC CHECKSUMS:
  MA_DynamicPointsSlider: 80bb6654bef445af0fade38135c737be759a3c23

PODFILE CHECKSUM: 1e66446dd1ca1c31caf89946c22490e570b0d800

COCOAPODS: 1.16.2
